{
  "requires": true,
  "lockfileVersion": 1,
  "dependencies": {
    "jquery": {
      "version": "3.3.1",
      "resolved": "http://registry.npm.taobao.org/jquery/download/jquery-3.3.1.tgz",
      "integrity": "sha1-lYzinoHJeQ8xvneS311NlfxX+8o="
    },
    "stylus-loader": {
      "version": "3.0.2",
      "resolved": "http://registry.npm.taobao.org/stylus-loader/download/stylus-loader-3.0.2.tgz",
      "dependencies": {
        "loader-utils": {
          "version": "http://registry.npm.taobao.org/loader-utils/download/loader-utils-1.2.3.tgz",
          "bundled": true,
          "dependencies": {
            "big.js": {
              "version": "http://registry.npm.taobao.org/big.js/download/big.js-5.2.2.tgz"
            },
            "emojis-list": {
              "version": "http://registry.npm.taobao.org/emojis-list/download/emojis-list-2.1.0.tgz"
            },
            "json5": {
              "version": "http://registry.npm.taobao.org/json5/download/json5-1.0.1.tgz",
              "dependencies": {
                "minimist": {
                  "version": "http://registry.npm.taobao.org/minimist/download/minimist-1.2.0.tgz"
                }
              }
            }
          }
        },
        "lodash.clonedeep": {
          "version": "http://registry.npm.taobao.org/lodash.clonedeep/download/lodash.clonedeep-4.5.0.tgz",
          "bundled": true
        },
        "when": {
          "version": "http://registry.npm.taobao.org/when/download/when-3.6.4.tgz",
          "bundled": true
        }
      }
    }
  }
}
